
Microsoft Visual Studio Solution File, Format Version 12.00
# Visual Studio Version 17
VisualStudioVersion = 17.14.37502.11 d17.14
MinimumVisualStudioVersion = 10.0.40219.1
Project("{FAE04EC0-301F-11D3-BF4B-00C04F79EFBC}") = "AdSecCore", "AdSecCore\AdSecCore.csproj", "{2A3194AF-5B84-47DF-8E36-6819C2CF6E97}"
EndProject
Project("{FAE04EC0-301F-11D3-BF4B-00C04F79EFBC}") = "AdSecCoreTests", "AdSecCoreTests\AdSecCoreTests.csproj", "{2407A2E8-B608-454F-A6A9-EABDFFFF48FD}"
EndProject
Global
	GlobalSection(SolutionConfigurationPlatforms) = preSolution
		Debug|x64 = Debug|x64
		Release|x64 = Release|x64
	EndGlobalSection
	GlobalSection(ProjectConfigurationPlatforms) = postSolution
		{2A3194AF-5B84-47DF-8E36-6819C2CF6E97}.Debug|x64.ActiveCfg = Debug|x64
		{2A3194AF-5B84-47DF-8E36-6819C2CF6E97}.Debug|x64.Build.0 = Debug|x64
		{2A3194AF-5B84-47DF-8E36-6819C2CF6E97}.Release|x64.ActiveCfg = Release|x64
		{2A3194AF-5B84-47DF-8E36-6819C2CF6E97}.Release|x64.Build.0 = Release|x64
		{2407A2E8-B608-454F-A6A9-EABDFFFF48FD}.Debug|x64.ActiveCfg = Debug|x64
		{2407A2E8-B608-454F-A6A9-EABDFFFF48FD}.Debug|x64.Build.0 = Debug|x64
		{2407A2E8-B608-454F-A6A9-EABDFFFF48FD}.Release|x64.ActiveCfg = Release|x64
		{2407A2E8-B608-454F-A6A9-EABDFFFF48FD}.Release|x64.Build.0 = Release|x64
	EndGlobalSection
	GlobalSection(SolutionProperties) = preSolution
		HideSolutionNode = FALSE
	EndGlobalSection
EndGlobal
