
Microsoft Visual Studio Solution File, Format Version 12.00
Project("{FAE04EC0-301F-11D3-BF4B-00C04F79EFBC}") = "AdSecCore", "AdSecCore\AdSecCore.csproj", "{2A3194AF-5B84-47DF-8E36-6819C2CF6E97}"
EndProject
Project("{FAE04EC0-301F-11D3-BF4B-00C04F79EFBC}") = "AdSecCoreTests", "AdSecCoreTests\AdSecCoreTests.csproj", "{2407A2E8-B608-454F-A6A9-EABDFFFF48FD}"
EndProject
Global
	GlobalSection(SolutionConfigurationPlatforms) = preSolution
		Debug|Any CPU = Debug|Any CPU
		Release|Any CPU = Release|Any CPU
	EndGlobalSection
	GlobalSection(ProjectConfigurationPlatforms) = postSolution
		{2A3194AF-5B84-47DF-8E36-6819C2CF6E97}.Debug|Any CPU.ActiveCfg = Debug|Any CPU
		{2A3194AF-5B84-47DF-8E36-6819C2CF6E97}.Debug|Any CPU.Build.0 = Debug|Any CPU
		{2A3194AF-5B84-47DF-8E36-6819C2CF6E97}.Release|Any CPU.ActiveCfg = Release|Any CPU
		{2A3194AF-5B84-47DF-8E36-6819C2CF6E97}.Release|Any CPU.Build.0 = Release|Any CPU
		{2407A2E8-B608-454F-A6A9-EABDFFFF48FD}.Debug|Any CPU.ActiveCfg = Debug|Any CPU
		{2407A2E8-B608-454F-A6A9-EABDFFFF48FD}.Debug|Any CPU.Build.0 = Debug|Any CPU
		{2407A2E8-B608-454F-A6A9-EABDFFFF48FD}.Release|Any CPU.ActiveCfg = Release|Any CPU
		{2407A2E8-B608-454F-A6A9-EABDFFFF48FD}.Release|Any CPU.Build.0 = Release|Any CPU
	EndGlobalSection
EndGlobal
