
Microsoft Visual Studio Solution File, Format Version 12.00
# Visual Studio Version 17
VisualStudioVersion = 17.1.32228.430
MinimumVisualStudioVersion = 10.0.40219.1
Project("{9A19103F-16F7-4668-BE54-9A1E7A4F7556}") = "AdSecGH", "AdSecGH\AdSecGH.csproj", "{1B0D92BF-3C51-45D4-8197-696C357F5C7D}"
EndProject
Project("{9A19103F-16F7-4668-BE54-9A1E7A4F7556}") = "AdSecGHTests", "AdSecGHTests\AdSecGHTests.csproj", "{33A8752C-7015-4842-BBB8-52E6384C1866}"
EndProject
Project("{9A19103F-16F7-4668-BE54-9A1E7A4F7556}") = "IntegrationTests", "IntegrationTests\IntegrationTests.csproj", "{12D2BD0F-9EF0-4C6F-B288-6076049E3FE8}"
EndProject
Project("{9A19103F-16F7-4668-BE54-9A1E7A4F7556}") = "AdSecGHConverters", "AdSecGHConverters\AdSecGHConverters.csproj", "{03A36AE0-E900-4EC3-92B0-975937D9C69F}"
EndProject
Project("{9A19103F-16F7-4668-BE54-9A1E7A4F7556}") = "AdSecGHConverterTests", "AdSecGHConverterTests\AdSecGHConverterTests.csproj", "{885C7D18-8B54-4430-A84B-8FD37CF7AD27}"
EndProject
Project("{FAE04EC0-301F-11D3-BF4B-00C04F79EFBC}") = "AdSecCore", "AdSecCore\AdSecCore.csproj", "{D7A31820-EC4F-42EC-863C-51BB3647A145}"
EndProject
Project("{FAE04EC0-301F-11D3-BF4B-00C04F79EFBC}") = "AdSecCoreTests", "AdSecCoreTests\AdSecCoreTests.csproj", "{DF259C79-A298-44B9-B702-573D4206A3C2}"
EndProject
Project("{FAE04EC0-301F-11D3-BF4B-00C04F79EFBC}") = "TestGrasshopperObjects", "TestGrasshopperObjects\TestGrasshopperObjects.csproj", "{9D376477-DEDE-4DCC-B12F-7361BF763BFF}"
EndProject
Global
	GlobalSection(SolutionConfigurationPlatforms) = preSolution
		Debug|x64 = Debug|x64
		Release|x64 = Release|x64
	EndGlobalSection
	GlobalSection(ProjectConfigurationPlatforms) = postSolution
		{1B0D92BF-3C51-45D4-8197-696C357F5C7D}.Debug|x64.ActiveCfg = Debug|x64
		{1B0D92BF-3C51-45D4-8197-696C357F5C7D}.Debug|x64.Build.0 = Debug|x64
		{1B0D92BF-3C51-45D4-8197-696C357F5C7D}.Release|x64.ActiveCfg = Release|x64
		{1B0D92BF-3C51-45D4-8197-696C357F5C7D}.Release|x64.Build.0 = Release|x64
		{33A8752C-7015-4842-BBB8-52E6384C1866}.Debug|x64.ActiveCfg = Debug|x64
		{33A8752C-7015-4842-BBB8-52E6384C1866}.Debug|x64.Build.0 = Debug|x64
		{33A8752C-7015-4842-BBB8-52E6384C1866}.Release|x64.ActiveCfg = Release|x64
		{33A8752C-7015-4842-BBB8-52E6384C1866}.Release|x64.Build.0 = Release|x64
		{12D2BD0F-9EF0-4C6F-B288-6076049E3FE8}.Debug|x64.ActiveCfg = Debug|x64
		{12D2BD0F-9EF0-4C6F-B288-6076049E3FE8}.Debug|x64.Build.0 = Debug|x64
		{12D2BD0F-9EF0-4C6F-B288-6076049E3FE8}.Release|x64.ActiveCfg = Release|x64
		{12D2BD0F-9EF0-4C6F-B288-6076049E3FE8}.Release|x64.Build.0 = Release|x64
		{03A36AE0-E900-4EC3-92B0-975937D9C69F}.Debug|x64.ActiveCfg = Debug|x64
		{03A36AE0-E900-4EC3-92B0-975937D9C69F}.Debug|x64.Build.0 = Debug|x64
		{03A36AE0-E900-4EC3-92B0-975937D9C69F}.Release|x64.ActiveCfg = Release|x64
		{03A36AE0-E900-4EC3-92B0-975937D9C69F}.Release|x64.Build.0 = Release|x64
		{885C7D18-8B54-4430-A84B-8FD37CF7AD27}.Debug|x64.ActiveCfg = Debug|x64
		{885C7D18-8B54-4430-A84B-8FD37CF7AD27}.Debug|x64.Build.0 = Debug|x64
		{885C7D18-8B54-4430-A84B-8FD37CF7AD27}.Release|x64.ActiveCfg = Release|x64
		{885C7D18-8B54-4430-A84B-8FD37CF7AD27}.Release|x64.Build.0 = Release|x64
		{D7A31820-EC4F-42EC-863C-51BB3647A145}.Debug|x64.ActiveCfg = Debug|Any CPU
		{D7A31820-EC4F-42EC-863C-51BB3647A145}.Debug|x64.Build.0 = Debug|Any CPU
		{D7A31820-EC4F-42EC-863C-51BB3647A145}.Release|x64.ActiveCfg = Release|Any CPU
		{D7A31820-EC4F-42EC-863C-51BB3647A145}.Release|x64.Build.0 = Release|Any CPU
		{DF259C79-A298-44B9-B702-573D4206A3C2}.Debug|x64.ActiveCfg = Debug|Any CPU
		{DF259C79-A298-44B9-B702-573D4206A3C2}.Debug|x64.Build.0 = Debug|Any CPU
		{DF259C79-A298-44B9-B702-573D4206A3C2}.Release|x64.ActiveCfg = Release|Any CPU
		{DF259C79-A298-44B9-B702-573D4206A3C2}.Release|x64.Build.0 = Release|Any CPU
		{9D376477-DEDE-4DCC-B12F-7361BF763BFF}.Debug|x64.ActiveCfg = Debug|Any CPU
		{9D376477-DEDE-4DCC-B12F-7361BF763BFF}.Debug|x64.Build.0 = Debug|Any CPU
		{9D376477-DEDE-4DCC-B12F-7361BF763BFF}.Release|x64.ActiveCfg = Release|Any CPU
		{9D376477-DEDE-4DCC-B12F-7361BF763BFF}.Release|x64.Build.0 = Release|Any CPU
	EndGlobalSection
	GlobalSection(SolutionProperties) = preSolution
		HideSolutionNode = FALSE
	EndGlobalSection
	GlobalSection(ExtensibilityGlobals) = postSolution
		SolutionGuid = {16DF14C1-16FF-4DC4-96AF-B497FC8D587C}
	EndGlobalSection
EndGlobal
