
Microsoft Visual Studio Solution File, Format Version 12.00
Project("{FAE04EC0-301F-11D3-BF4B-00C04F79EFBC}") = "Oasys.LicenceManager.Cli", "Oasys.LicenceManager.Cli\Oasys.LicenceManager.Cli.csproj", "{16FB4BB1-3DEF-448D-8E8E-C8013A8983D2}"
EndProject
Global
	GlobalSection(SolutionConfigurationPlatforms) = preSolution
		Debug|Any CPU = Debug|Any CPU
		Release|Any CPU = Release|Any CPU
	EndGlobalSection
	GlobalSection(ProjectConfigurationPlatforms) = postSolution
		{16FB4BB1-3DEF-448D-8E8E-C8013A8983D2}.Debug|Any CPU.ActiveCfg = Debug|Any CPU
		{16FB4BB1-3DEF-448D-8E8E-C8013A8983D2}.Debug|Any CPU.Build.0 = Debug|Any CPU
		{16FB4BB1-3DEF-448D-8E8E-C8013A8983D2}.Release|Any CPU.ActiveCfg = Release|Any CPU
		{16FB4BB1-3DEF-448D-8E8E-C8013A8983D2}.Release|Any CPU.Build.0 = Release|Any CPU
	EndGlobalSection
EndGlobal
